<?xml version="1.0" encoding="utf-8"?>
<Project ToolsVersion="4.0" xmlns="http://schemas.microsoft.com/developer/msbuild/2003">
  <ItemGroup>
    <Filter Include="Source Files">
      <UniqueIdentifier>{4FC737F1-C7A5-4376-A066-2A32D752A2FF}</UniqueIdentifier>
      <Extensions>cpp;c;cc;cxx;c++;cppm;ixx;def;odl;idl;hpj;bat;asm;asmx</Extensions>
    </Filter>
    <Filter Include="Header Files">
      <UniqueIdentifier>{93995380-89BD-4b04-88EB-625FBE52EBFB}</UniqueIdentifier>
      <Extensions>h;hh;hpp;hxx;h++;hm;inl;inc;ipp;xsd</Extensions>
    </Filter>
    <Filter Include="Resource Files">
      <UniqueIdentifier>{67DA6AB6-F800-4c08-8B7A-83BB121AAD01}</UniqueIdentifier>
      <Extensions>rc;ico;cur;bmp;dlg;rc2;rct;bin;rgs;gif;jpg;jpeg;jpe;resx;tiff;tif;png;wav;mfcribbon-ms</Extensions>
    </Filter>
    <Filter Include="Header Files\Menu Files">
      <UniqueIdentifier>{8ab671d0-ced4-4cd1-9bd3-d26a6dccb732}</UniqueIdentifier>
    </Filter>
    <Filter Include="Header Files\Project Class Files">
      <UniqueIdentifier>{f8c63f58-7a94-463a-8eb3-dbfe78060439}</UniqueIdentifier>
    </Filter>
    <Filter Include="Source Files\Menu Files">
      <UniqueIdentifier>{c98fb12c-9ab7-4597-a0b4-170769944e3a}</UniqueIdentifier>
    </Filter>
    <Filter Include="Source Files\Project Files">
      <UniqueIdentifier>{611d34bb-ecf0-4a55-b38b-344cb8e76570}</UniqueIdentifier>
    </Filter>
  </ItemGroup>
  <ItemGroup>
    <ClCompile Include="ConnectionMenu.cpp">
      <Filter>Source Files\Menu Files</Filter>
    </ClCompile>
    <ClCompile Include="MainMenu.cpp">
      <Filter>Source Files\Menu Files</Filter>
    </ClCompile>
    <ClCompile Include="Menu.cpp">
      <Filter>Source Files\Menu Files</Filter>
    </ClCompile>
    <ClCompile Include="OperateRobotMenu.cpp">
      <Filter>Source Files\Menu Files</Filter>
    </ClCompile>
    <ClCompile Include="OperatorLoginMenu.cpp">
      <Filter>Source Files\Menu Files</Filter>
    </ClCompile>
    <ClCompile Include="RecordMenu.cpp">
      <Filter>Source Files\Menu Files</Filter>
    </ClCompile>
    <ClCompile Include="SensorMenu.cpp">
      <Filter>Source Files\Menu Files</Filter>
    </ClCompile>
    <ClCompile Include="BumperSensor.cpp">
      <Filter>Source Files\Project Files</Filter>
    </ClCompile>
    <ClCompile Include="Encryption.cpp">
      <Filter>Source Files\Project Files</Filter>
    </ClCompile>
    <ClCompile Include="ForceSensor.cpp">
      <Filter>Source Files\Project Files</Filter>
    </ClCompile>
    <ClCompile Include="Path.cpp">
      <Filter>Source Files\Project Files</Filter>
    </ClCompile>
    <ClCompile Include="Pose.cpp">
      <Filter>Source Files\Project Files</Filter>
    </ClCompile>
    <ClCompile Include="Record.cpp">
      <Filter>Source Files\Project Files</Filter>
    </ClCompile>
    <ClCompile Include="RobotControl.cpp">
      <Filter>Source Files\Project Files</Filter>
    </ClCompile>
    <ClCompile Include="RobotController.cpp">
      <Filter>Source Files\Project Files</Filter>
    </ClCompile>
    <ClCompile Include="RobotOperator.cpp">
      <Filter>Source Files\Project Files</Filter>
    </ClCompile>
    <ClCompile Include="SonarSensor.cpp">
      <Filter>Source Files\Project Files</Filter>
    </ClCompile>
    <ClCompile Include="PathMenu.cpp">
      <Filter>Source Files\Menu Files</Filter>
    </ClCompile>
    <ClCompile Include="Main.cpp">
      <Filter>Source Files</Filter>
    </ClCompile>
    <ClCompile Include="NaoRobotInterface.cpp">
      <Filter>Source Files\Project Files</Filter>
    </ClCompile>
    <ClCompile Include="RobotInterface.cpp">
      <Filter>Source Files\Project Files</Filter>
    </ClCompile>
    <ClCompile Include="SensorInterface.cpp">
      <Filter>Source Files\Project Files</Filter>
    </ClCompile>
  </ItemGroup>
  <ItemGroup>
    <ClInclude Include="Menu.h">
      <Filter>Header Files\Menu Files</Filter>
    </ClInclude>
    <ClInclude Include="ConnectionMenu.h">
      <Filter>Header Files\Menu Files</Filter>
    </ClInclude>
    <ClInclude Include="MainMenu.h">
      <Filter>Header Files\Menu Files</Filter>
    </ClInclude>
    <ClInclude Include="OperateRobotMenu.h">
      <Filter>Header Files\Menu Files</Filter>
    </ClInclude>
    <ClInclude Include="OperatorLoginMenu.h">
      <Filter>Header Files\Menu Files</Filter>
    </ClInclude>
    <ClInclude Include="RecordMenu.h">
      <Filter>Header Files\Menu Files</Filter>
    </ClInclude>
    <ClInclude Include="SensorMenu.h">
      <Filter>Header Files\Menu Files</Filter>
    </ClInclude>
    <ClInclude Include="BumperSensor.h">
      <Filter>Header Files\Project Class Files</Filter>
    </ClInclude>
    <ClInclude Include="Encryption.h">
      <Filter>Header Files\Project Class Files</Filter>
    </ClInclude>
    <ClInclude Include="ForceSensor.h">
      <Filter>Header Files\Project Class Files</Filter>
    </ClInclude>
    <ClInclude Include="NaoRobotAPI.h">
      <Filter>Header Files\Project Class Files</Filter>
    </ClInclude>
    <ClInclude Include="Node.h">
      <Filter>Header Files\Project Class Files</Filter>
    </ClInclude>
    <ClInclude Include="Path.h">
      <Filter>Header Files\Project Class Files</Filter>
    </ClInclude>
    <ClInclude Include="Pose.h">
      <Filter>Header Files\Project Class Files</Filter>
    </ClInclude>
    <ClInclude Include="Record.h">
      <Filter>Header Files\Project Class Files</Filter>
    </ClInclude>
    <ClInclude Include="RobotControl.h">
      <Filter>Header Files\Project Class Files</Filter>
    </ClInclude>
    <ClInclude Include="RobotOperator.h">
      <Filter>Header Files\Project Class Files</Filter>
    </ClInclude>
    <ClInclude Include="SonarSensor.h">
      <Filter>Header Files\Project Class Files</Filter>
    </ClInclude>
    <ClInclude Include="PathMenu.h">
      <Filter>Header Files\Menu Files</Filter>
    </ClInclude>
    <ClInclude Include="NaoRobotInterface.h">
      <Filter>Header Files\Project Class Files</Filter>
    </ClInclude>
    <ClInclude Include="NaoRobotSensorInterface.h">
      <Filter>Header Files\Project Class Files</Filter>
    </ClInclude>
    <ClInclude Include="RobotInterface.h">
      <Filter>Header Files\Project Class Files</Filter>
    </ClInclude>
    <ClInclude Include="SensorInterface.h">
      <Filter>Header Files\Project Class Files</Filter>
    </ClInclude>
  </ItemGroup>
  <ItemGroup>
    <Library Include="NaoRobotAPI.lib" />
  </ItemGroup>
</Project>